
Microsoft Visual Studio Solution File, Format Version 12.00
# Visual Studio 15
VisualStudioVersion = 15.0.28010.2019
MinimumVisualStudioVersion = 10.0.40219.1
Project("{FAE04EC0-301F-11D3-BF4B-00C04F79EFBC}") = "czekoladki", "czekoladki\czekoladki.csproj", "{3E9AC5E7-FFC5-427C-BC58-AB8618B00281}"
EndProject
Global
	GlobalSection(SolutionConfigurationPlatforms) = preSolution
		Debug|Any CPU = Debug|Any CPU
		Release|Any CPU = Release|Any CPU
	EndGlobalSection
	GlobalSection(ProjectConfigurationPlatforms) = postSolution
		{3E9AC5E7-FFC5-427C-BC58-AB8618B00281}.Debug|Any CPU.ActiveCfg = Debug|Any CPU
		{3E9AC5E7-FFC5-427C-BC58-AB8618B00281}.Debug|Any CPU.Build.0 = Debug|Any CPU
		{3E9AC5E7-FFC5-427C-BC58-AB8618B00281}.Release|Any CPU.ActiveCfg = Release|Any CPU
		{3E9AC5E7-FFC5-427C-BC58-AB8618B00281}.Release|Any CPU.Build.0 = Release|Any CPU
	EndGlobalSection
	GlobalSection(SolutionProperties) = preSolution
		HideSolutionNode = FALSE
	EndGlobalSection
	GlobalSection(ExtensibilityGlobals) = postSolution
		SolutionGuid = {D23506E6-C972-4D86-8864-640EF4315EA2}
	EndGlobalSection
EndGlobal
